
Microsoft Visual Studio Solution File, Format Version 12.00
# Visual Studio Version 17
VisualStudioVersion = 17.1.32421.90
MinimumVisualStudioVersion = 10.0.40219.1
Project("{FAE04EC0-301F-11D3-BF4B-00C04F79EFBC}") = "Tasl219", "Tasl219.csproj", "{98987072-A8C6-4923-BC75-ABDA253D2FC2}"
EndProject
Global
	GlobalSection(SolutionConfigurationPlatforms) = preSolution
		Debug|Any CPU = Debug|Any CPU
		Release|Any CPU = Release|Any CPU
	EndGlobalSection
	GlobalSection(ProjectConfigurationPlatforms) = postSolution
		{98987072-A8C6-4923-BC75-ABDA253D2FC2}.Debug|Any CPU.ActiveCfg = Debug|Any CPU
		{98987072-A8C6-4923-BC75-ABDA253D2FC2}.Debug|Any CPU.Build.0 = Debug|Any CPU
		{98987072-A8C6-4923-BC75-ABDA253D2FC2}.Release|Any CPU.ActiveCfg = Release|Any CPU
		{98987072-A8C6-4923-BC75-ABDA253D2FC2}.Release|Any CPU.Build.0 = Release|Any CPU
	EndGlobalSection
	GlobalSection(SolutionProperties) = preSolution
		HideSolutionNode = FALSE
	EndGlobalSection
	GlobalSection(ExtensibilityGlobals) = postSolution
		SolutionGuid = {33271427-78E2-43D2-96C6-925A0A0471B8}
	EndGlobalSection
EndGlobal
