
Microsoft Visual Studio Solution File, Format Version 12.00
# Visual Studio Version 17
VisualStudioVersion = 17.1.32328.378
MinimumVisualStudioVersion = 10.0.40219.1
Project("{FAE04EC0-301F-11D3-BF4B-00C04F79EFBC}") = "task9", "task9.csproj", "{314C7BEC-D13F-4EB7-B973-7A913672D74B}"
EndProject
Global
	GlobalSection(SolutionConfigurationPlatforms) = preSolution
		Debug|Any CPU = Debug|Any CPU
		Release|Any CPU = Release|Any CPU
	EndGlobalSection
	GlobalSection(ProjectConfigurationPlatforms) = postSolution
		{314C7BEC-D13F-4EB7-B973-7A913672D74B}.Debug|Any CPU.ActiveCfg = Debug|Any CPU
		{314C7BEC-D13F-4EB7-B973-7A913672D74B}.Debug|Any CPU.Build.0 = Debug|Any CPU
		{314C7BEC-D13F-4EB7-B973-7A913672D74B}.Release|Any CPU.ActiveCfg = Release|Any CPU
		{314C7BEC-D13F-4EB7-B973-7A913672D74B}.Release|Any CPU.Build.0 = Release|Any CPU
	EndGlobalSection
	GlobalSection(SolutionProperties) = preSolution
		HideSolutionNode = FALSE
	EndGlobalSection
	GlobalSection(ExtensibilityGlobals) = postSolution
		SolutionGuid = {67342BFE-971C-4B78-821E-C1BABA51AA88}
	EndGlobalSection
EndGlobal
