
Microsoft Visual Studio Solution File, Format Version 12.00
# Visual Studio Version 16
VisualStudioVersion = 16.0.31605.320
MinimumVisualStudioVersion = 10.0.40219.1
Project("{FAE04EC0-301F-11D3-BF4B-00C04F79EFBC}") = "202", "202\202.csproj", "{D942FE5A-E932-4281-AB44-C19B44F75678}"
EndProject
Project("{FAE04EC0-301F-11D3-BF4B-00C04F79EFBC}") = "203", "203\203.csproj", "{1F3890D2-CFDA-47FD-A127-1745C62B7757}"
EndProject
Project("{FAE04EC0-301F-11D3-BF4B-00C04F79EFBC}") = "204", "204\204.csproj", "{19D090AD-C334-48A3-9C29-4CCA3AF7A404}"
EndProject
Project("{FAE04EC0-301F-11D3-BF4B-00C04F79EFBC}") = "205", "205\205.csproj", "{0A1A4826-FD00-44AB-A51E-A6C2D33C173E}"
EndProject
Project("{FAE04EC0-301F-11D3-BF4B-00C04F79EFBC}") = "206", "206\206.csproj", "{AC73EC01-4016-4FE5-A0C1-126100AF7EAA}"
EndProject
Project("{FAE04EC0-301F-11D3-BF4B-00C04F79EFBC}") = "207", "207\207.csproj", "{D596F80B-A4B2-4131-8628-03D4413FEB2C}"
EndProject
Project("{FAE04EC0-301F-11D3-BF4B-00C04F79EFBC}") = "208", "208\208.csproj", "{A5C38F2F-B866-40A6-A1A0-E4C117463F58}"
EndProject
Project("{FAE04EC0-301F-11D3-BF4B-00C04F79EFBC}") = "209", "209\209.csproj", "{35E58C14-FAEB-41BC-9B42-937C897E68D9}"
EndProject
Project("{FAE04EC0-301F-11D3-BF4B-00C04F79EFBC}") = "213", "213\213.csproj", "{707C4E4F-585E-45C1-87B5-5245D7A88EE9}"
EndProject
Project("{FAE04EC0-301F-11D3-BF4B-00C04F79EFBC}") = "214", "214\214.csproj", "{981E7E81-4324-4F21-BD93-9071C5833A19}"
EndProject
Project("{FAE04EC0-301F-11D3-BF4B-00C04F79EFBC}") = "215", "215\215.csproj", "{8D529B8B-2406-4669-BDBB-FB549CE3DF9A}"
EndProject
Project("{FAE04EC0-301F-11D3-BF4B-00C04F79EFBC}") = "216", "216\216.csproj", "{C3DE4FDB-E138-4F4B-A93A-52A2341A482E}"
EndProject
Project("{FAE04EC0-301F-11D3-BF4B-00C04F79EFBC}") = "218", "218\218.csproj", "{36AD32D0-3011-48C4-9410-405A4863E471}"
EndProject
Project("{FAE04EC0-301F-11D3-BF4B-00C04F79EFBC}") = "219", "219\219.csproj", "{0E4F8BAA-33A8-4A19-8305-74D65AF9C811}"
EndProject
Project("{FAE04EC0-301F-11D3-BF4B-00C04F79EFBC}") = "220", "220\220.csproj", "{D7262472-0619-4A6C-80E7-3D0FF014C5A6}"
EndProject
Project("{FAE04EC0-301F-11D3-BF4B-00C04F79EFBC}") = "221", "221\221.csproj", "{954C13C2-8091-4F19-9AD5-A9E1843D1D20}"
EndProject
Project("{FAE04EC0-301F-11D3-BF4B-00C04F79EFBC}") = "222", "222\222.csproj", "{DA35C25C-EE4E-4291-B69E-4BECFE49700E}"
EndProject
Project("{FAE04EC0-301F-11D3-BF4B-00C04F79EFBC}") = "224", "224\224.csproj", "{2547017C-8862-491F-85A4-DB62B1FB04F1}"
EndProject
Project("{FAE04EC0-301F-11D3-BF4B-00C04F79EFBC}") = "226", "226\226.csproj", "{BA294AFB-DBE2-463D-9620-FBAAD522837D}"
EndProject
Global
	GlobalSection(SolutionConfigurationPlatforms) = preSolution
		Debug|Any CPU = Debug|Any CPU
		Release|Any CPU = Release|Any CPU
	EndGlobalSection
	GlobalSection(ProjectConfigurationPlatforms) = postSolution
		{D942FE5A-E932-4281-AB44-C19B44F75678}.Debug|Any CPU.ActiveCfg = Debug|Any CPU
		{D942FE5A-E932-4281-AB44-C19B44F75678}.Debug|Any CPU.Build.0 = Debug|Any CPU
		{D942FE5A-E932-4281-AB44-C19B44F75678}.Release|Any CPU.ActiveCfg = Release|Any CPU
		{D942FE5A-E932-4281-AB44-C19B44F75678}.Release|Any CPU.Build.0 = Release|Any CPU
		{1F3890D2-CFDA-47FD-A127-1745C62B7757}.Debug|Any CPU.ActiveCfg = Debug|Any CPU
		{1F3890D2-CFDA-47FD-A127-1745C62B7757}.Debug|Any CPU.Build.0 = Debug|Any CPU
		{1F3890D2-CFDA-47FD-A127-1745C62B7757}.Release|Any CPU.ActiveCfg = Release|Any CPU
		{1F3890D2-CFDA-47FD-A127-1745C62B7757}.Release|Any CPU.Build.0 = Release|Any CPU
		{19D090AD-C334-48A3-9C29-4CCA3AF7A404}.Debug|Any CPU.ActiveCfg = Debug|Any CPU
		{19D090AD-C334-48A3-9C29-4CCA3AF7A404}.Debug|Any CPU.Build.0 = Debug|Any CPU
		{19D090AD-C334-48A3-9C29-4CCA3AF7A404}.Release|Any CPU.ActiveCfg = Release|Any CPU
		{19D090AD-C334-48A3-9C29-4CCA3AF7A404}.Release|Any CPU.Build.0 = Release|Any CPU
		{0A1A4826-FD00-44AB-A51E-A6C2D33C173E}.Debug|Any CPU.ActiveCfg = Debug|Any CPU
		{0A1A4826-FD00-44AB-A51E-A6C2D33C173E}.Debug|Any CPU.Build.0 = Debug|Any CPU
		{0A1A4826-FD00-44AB-A51E-A6C2D33C173E}.Release|Any CPU.ActiveCfg = Release|Any CPU
		{0A1A4826-FD00-44AB-A51E-A6C2D33C173E}.Release|Any CPU.Build.0 = Release|Any CPU
		{AC73EC01-4016-4FE5-A0C1-126100AF7EAA}.Debug|Any CPU.ActiveCfg = Debug|Any CPU
		{AC73EC01-4016-4FE5-A0C1-126100AF7EAA}.Debug|Any CPU.Build.0 = Debug|Any CPU
		{AC73EC01-4016-4FE5-A0C1-126100AF7EAA}.Release|Any CPU.ActiveCfg = Release|Any CPU
		{AC73EC01-4016-4FE5-A0C1-126100AF7EAA}.Release|Any CPU.Build.0 = Release|Any CPU
		{D596F80B-A4B2-4131-8628-03D4413FEB2C}.Debug|Any CPU.ActiveCfg = Debug|Any CPU
		{D596F80B-A4B2-4131-8628-03D4413FEB2C}.Debug|Any CPU.Build.0 = Debug|Any CPU
		{D596F80B-A4B2-4131-8628-03D4413FEB2C}.Release|Any CPU.ActiveCfg = Release|Any CPU
		{D596F80B-A4B2-4131-8628-03D4413FEB2C}.Release|Any CPU.Build.0 = Release|Any CPU
		{A5C38F2F-B866-40A6-A1A0-E4C117463F58}.Debug|Any CPU.ActiveCfg = Debug|Any CPU
		{A5C38F2F-B866-40A6-A1A0-E4C117463F58}.Debug|Any CPU.Build.0 = Debug|Any CPU
		{A5C38F2F-B866-40A6-A1A0-E4C117463F58}.Release|Any CPU.ActiveCfg = Release|Any CPU
		{A5C38F2F-B866-40A6-A1A0-E4C117463F58}.Release|Any CPU.Build.0 = Release|Any CPU
		{35E58C14-FAEB-41BC-9B42-937C897E68D9}.Debug|Any CPU.ActiveCfg = Debug|Any CPU
		{35E58C14-FAEB-41BC-9B42-937C897E68D9}.Debug|Any CPU.Build.0 = Debug|Any CPU
		{35E58C14-FAEB-41BC-9B42-937C897E68D9}.Release|Any CPU.ActiveCfg = Release|Any CPU
		{35E58C14-FAEB-41BC-9B42-937C897E68D9}.Release|Any CPU.Build.0 = Release|Any CPU
		{707C4E4F-585E-45C1-87B5-5245D7A88EE9}.Debug|Any CPU.ActiveCfg = Debug|Any CPU
		{707C4E4F-585E-45C1-87B5-5245D7A88EE9}.Debug|Any CPU.Build.0 = Debug|Any CPU
		{707C4E4F-585E-45C1-87B5-5245D7A88EE9}.Release|Any CPU.ActiveCfg = Release|Any CPU
		{707C4E4F-585E-45C1-87B5-5245D7A88EE9}.Release|Any CPU.Build.0 = Release|Any CPU
		{981E7E81-4324-4F21-BD93-9071C5833A19}.Debug|Any CPU.ActiveCfg = Debug|Any CPU
		{981E7E81-4324-4F21-BD93-9071C5833A19}.Debug|Any CPU.Build.0 = Debug|Any CPU
		{981E7E81-4324-4F21-BD93-9071C5833A19}.Release|Any CPU.ActiveCfg = Release|Any CPU
		{981E7E81-4324-4F21-BD93-9071C5833A19}.Release|Any CPU.Build.0 = Release|Any CPU
		{8D529B8B-2406-4669-BDBB-FB549CE3DF9A}.Debug|Any CPU.ActiveCfg = Debug|Any CPU
		{8D529B8B-2406-4669-BDBB-FB549CE3DF9A}.Debug|Any CPU.Build.0 = Debug|Any CPU
		{8D529B8B-2406-4669-BDBB-FB549CE3DF9A}.Release|Any CPU.ActiveCfg = Release|Any CPU
		{8D529B8B-2406-4669-BDBB-FB549CE3DF9A}.Release|Any CPU.Build.0 = Release|Any CPU
		{C3DE4FDB-E138-4F4B-A93A-52A2341A482E}.Debug|Any CPU.ActiveCfg = Debug|Any CPU
		{C3DE4FDB-E138-4F4B-A93A-52A2341A482E}.Debug|Any CPU.Build.0 = Debug|Any CPU
		{C3DE4FDB-E138-4F4B-A93A-52A2341A482E}.Release|Any CPU.ActiveCfg = Release|Any CPU
		{C3DE4FDB-E138-4F4B-A93A-52A2341A482E}.Release|Any CPU.Build.0 = Release|Any CPU
		{36AD32D0-3011-48C4-9410-405A4863E471}.Debug|Any CPU.ActiveCfg = Debug|Any CPU
		{36AD32D0-3011-48C4-9410-405A4863E471}.Debug|Any CPU.Build.0 = Debug|Any CPU
		{36AD32D0-3011-48C4-9410-405A4863E471}.Release|Any CPU.ActiveCfg = Release|Any CPU
		{36AD32D0-3011-48C4-9410-405A4863E471}.Release|Any CPU.Build.0 = Release|Any CPU
		{0E4F8BAA-33A8-4A19-8305-74D65AF9C811}.Debug|Any CPU.ActiveCfg = Debug|Any CPU
		{0E4F8BAA-33A8-4A19-8305-74D65AF9C811}.Debug|Any CPU.Build.0 = Debug|Any CPU
		{0E4F8BAA-33A8-4A19-8305-74D65AF9C811}.Release|Any CPU.ActiveCfg = Release|Any CPU
		{0E4F8BAA-33A8-4A19-8305-74D65AF9C811}.Release|Any CPU.Build.0 = Release|Any CPU
		{D7262472-0619-4A6C-80E7-3D0FF014C5A6}.Debug|Any CPU.ActiveCfg = Debug|Any CPU
		{D7262472-0619-4A6C-80E7-3D0FF014C5A6}.Debug|Any CPU.Build.0 = Debug|Any CPU
		{D7262472-0619-4A6C-80E7-3D0FF014C5A6}.Release|Any CPU.ActiveCfg = Release|Any CPU
		{D7262472-0619-4A6C-80E7-3D0FF014C5A6}.Release|Any CPU.Build.0 = Release|Any CPU
		{954C13C2-8091-4F19-9AD5-A9E1843D1D20}.Debug|Any CPU.ActiveCfg = Debug|Any CPU
		{954C13C2-8091-4F19-9AD5-A9E1843D1D20}.Debug|Any CPU.Build.0 = Debug|Any CPU
		{954C13C2-8091-4F19-9AD5-A9E1843D1D20}.Release|Any CPU.ActiveCfg = Release|Any CPU
		{954C13C2-8091-4F19-9AD5-A9E1843D1D20}.Release|Any CPU.Build.0 = Release|Any CPU
		{DA35C25C-EE4E-4291-B69E-4BECFE49700E}.Debug|Any CPU.ActiveCfg = Debug|Any CPU
		{DA35C25C-EE4E-4291-B69E-4BECFE49700E}.Debug|Any CPU.Build.0 = Debug|Any CPU
		{DA35C25C-EE4E-4291-B69E-4BECFE49700E}.Release|Any CPU.ActiveCfg = Release|Any CPU
		{DA35C25C-EE4E-4291-B69E-4BECFE49700E}.Release|Any CPU.Build.0 = Release|Any CPU
		{2547017C-8862-491F-85A4-DB62B1FB04F1}.Debug|Any CPU.ActiveCfg = Debug|Any CPU
		{2547017C-8862-491F-85A4-DB62B1FB04F1}.Debug|Any CPU.Build.0 = Debug|Any CPU
		{2547017C-8862-491F-85A4-DB62B1FB04F1}.Release|Any CPU.ActiveCfg = Release|Any CPU
		{2547017C-8862-491F-85A4-DB62B1FB04F1}.Release|Any CPU.Build.0 = Release|Any CPU
		{BA294AFB-DBE2-463D-9620-FBAAD522837D}.Debug|Any CPU.ActiveCfg = Debug|Any CPU
		{BA294AFB-DBE2-463D-9620-FBAAD522837D}.Debug|Any CPU.Build.0 = Debug|Any CPU
		{BA294AFB-DBE2-463D-9620-FBAAD522837D}.Release|Any CPU.ActiveCfg = Release|Any CPU
		{BA294AFB-DBE2-463D-9620-FBAAD522837D}.Release|Any CPU.Build.0 = Release|Any CPU
	EndGlobalSection
	GlobalSection(SolutionProperties) = preSolution
		HideSolutionNode = FALSE
	EndGlobalSection
	GlobalSection(ExtensibilityGlobals) = postSolution
		SolutionGuid = {31ECE4D2-90ED-404D-8C0C-35E4EBEE09A2}
	EndGlobalSection
EndGlobal
