
Microsoft Visual Studio Solution File, Format Version 12.00
# Visual Studio Version 17
VisualStudioVersion = 17.1.32407.343
MinimumVisualStudioVersion = 10.0.40219.1
Project("{FAE04EC0-301F-11D3-BF4B-00C04F79EFBC}") = "Task209", "Task209.csproj", "{19953B37-0386-4FB7-9456-9ECED55C12B1}"
EndProject
Global
	GlobalSection(SolutionConfigurationPlatforms) = preSolution
		Debug|Any CPU = Debug|Any CPU
		Release|Any CPU = Release|Any CPU
	EndGlobalSection
	GlobalSection(ProjectConfigurationPlatforms) = postSolution
		{19953B37-0386-4FB7-9456-9ECED55C12B1}.Debug|Any CPU.ActiveCfg = Debug|Any CPU
		{19953B37-0386-4FB7-9456-9ECED55C12B1}.Debug|Any CPU.Build.0 = Debug|Any CPU
		{19953B37-0386-4FB7-9456-9ECED55C12B1}.Release|Any CPU.ActiveCfg = Release|Any CPU
		{19953B37-0386-4FB7-9456-9ECED55C12B1}.Release|Any CPU.Build.0 = Release|Any CPU
	EndGlobalSection
	GlobalSection(SolutionProperties) = preSolution
		HideSolutionNode = FALSE
	EndGlobalSection
	GlobalSection(ExtensibilityGlobals) = postSolution
		SolutionGuid = {005713C5-862F-4EA3-B82D-D4BA851D7FD2}
	EndGlobalSection
EndGlobal
