
Microsoft Visual Studio Solution File, Format Version 12.00
# Visual Studio 15
VisualStudioVersion = 15.0.28307.1927
MinimumVisualStudioVersion = 10.0.40219.1
Project("{FAE04EC0-301F-11D3-BF4B-00C04F79EFBC}") = "Rest_DB", "ConsoleApp1\Rest_DB.csproj", "{048485C5-7FBB-4B7C-A112-75ACD3EAEFA8}"
EndProject
Global
	GlobalSection(SolutionConfigurationPlatforms) = preSolution
		Debug|Any CPU = Debug|Any CPU
		Release|Any CPU = Release|Any CPU
	EndGlobalSection
	GlobalSection(ProjectConfigurationPlatforms) = postSolution
		{048485C5-7FBB-4B7C-A112-75ACD3EAEFA8}.Debug|Any CPU.ActiveCfg = Debug|Any CPU
		{048485C5-7FBB-4B7C-A112-75ACD3EAEFA8}.Debug|Any CPU.Build.0 = Debug|Any CPU
		{048485C5-7FBB-4B7C-A112-75ACD3EAEFA8}.Release|Any CPU.ActiveCfg = Release|Any CPU
		{048485C5-7FBB-4B7C-A112-75ACD3EAEFA8}.Release|Any CPU.Build.0 = Release|Any CPU
	EndGlobalSection
	GlobalSection(SolutionProperties) = preSolution
		HideSolutionNode = FALSE
	EndGlobalSection
	GlobalSection(ExtensibilityGlobals) = postSolution
		SolutionGuid = {5313E6D1-C692-432F-A174-6D9F66869249}
	EndGlobalSection
EndGlobal
