
Microsoft Visual Studio Solution File, Format Version 12.00
# Visual Studio Version 17
VisualStudioVersion = 17.1.32421.90
MinimumVisualStudioVersion = 10.0.40219.1
Project("{FAE04EC0-301F-11D3-BF4B-00C04F79EFBC}") = "Task _215", "Task _215\Task _215.csproj", "{76D14DC9-4B9E-4876-BC47-3C531D3DF025}"
EndProject
Global
	GlobalSection(SolutionConfigurationPlatforms) = preSolution
		Debug|Any CPU = Debug|Any CPU
		Release|Any CPU = Release|Any CPU
	EndGlobalSection
	GlobalSection(ProjectConfigurationPlatforms) = postSolution
		{76D14DC9-4B9E-4876-BC47-3C531D3DF025}.Debug|Any CPU.ActiveCfg = Debug|Any CPU
		{76D14DC9-4B9E-4876-BC47-3C531D3DF025}.Debug|Any CPU.Build.0 = Debug|Any CPU
		{76D14DC9-4B9E-4876-BC47-3C531D3DF025}.Release|Any CPU.ActiveCfg = Release|Any CPU
		{76D14DC9-4B9E-4876-BC47-3C531D3DF025}.Release|Any CPU.Build.0 = Release|Any CPU
	EndGlobalSection
	GlobalSection(SolutionProperties) = preSolution
		HideSolutionNode = FALSE
	EndGlobalSection
	GlobalSection(ExtensibilityGlobals) = postSolution
		SolutionGuid = {8F8D1A31-B992-4993-944A-AE8C3B04798E}
	EndGlobalSection
EndGlobal
