
Microsoft Visual Studio Solution File, Format Version 12.00
# Visual Studio Version 17
VisualStudioVersion = 17.1.32421.90
MinimumVisualStudioVersion = 10.0.40219.1
Project("{FAE04EC0-301F-11D3-BF4B-00C04F79EFBC}") = "Task _214", "Task _214\Task _214.csproj", "{9626BB9D-6A6D-4ADF-9656-B05422962DE1}"
EndProject
Global
	GlobalSection(SolutionConfigurationPlatforms) = preSolution
		Debug|Any CPU = Debug|Any CPU
		Release|Any CPU = Release|Any CPU
	EndGlobalSection
	GlobalSection(ProjectConfigurationPlatforms) = postSolution
		{9626BB9D-6A6D-4ADF-9656-B05422962DE1}.Debug|Any CPU.ActiveCfg = Debug|Any CPU
		{9626BB9D-6A6D-4ADF-9656-B05422962DE1}.Debug|Any CPU.Build.0 = Debug|Any CPU
		{9626BB9D-6A6D-4ADF-9656-B05422962DE1}.Release|Any CPU.ActiveCfg = Release|Any CPU
		{9626BB9D-6A6D-4ADF-9656-B05422962DE1}.Release|Any CPU.Build.0 = Release|Any CPU
	EndGlobalSection
	GlobalSection(SolutionProperties) = preSolution
		HideSolutionNode = FALSE
	EndGlobalSection
	GlobalSection(ExtensibilityGlobals) = postSolution
		SolutionGuid = {F6603047-8FB1-4EB6-B8A5-3E1D4DF3E50D}
	EndGlobalSection
EndGlobal
