
Microsoft Visual Studio Solution File, Format Version 12.00
# Visual Studio Version 17
VisualStudioVersion = 17.1.32421.90
MinimumVisualStudioVersion = 10.0.40219.1
Project("{FAE04EC0-301F-11D3-BF4B-00C04F79EFBC}") = "task _202_rokhmaniuk", "task _202_rokhmaniuk\task _202_rokhmaniuk.csproj", "{F2972FCE-A8EB-4945-81CA-1DEE32E1D913}"
EndProject
Global
	GlobalSection(SolutionConfigurationPlatforms) = preSolution
		Debug|Any CPU = Debug|Any CPU
		Release|Any CPU = Release|Any CPU
	EndGlobalSection
	GlobalSection(ProjectConfigurationPlatforms) = postSolution
		{F2972FCE-A8EB-4945-81CA-1DEE32E1D913}.Debug|Any CPU.ActiveCfg = Debug|Any CPU
		{F2972FCE-A8EB-4945-81CA-1DEE32E1D913}.Debug|Any CPU.Build.0 = Debug|Any CPU
		{F2972FCE-A8EB-4945-81CA-1DEE32E1D913}.Release|Any CPU.ActiveCfg = Release|Any CPU
		{F2972FCE-A8EB-4945-81CA-1DEE32E1D913}.Release|Any CPU.Build.0 = Release|Any CPU
	EndGlobalSection
	GlobalSection(SolutionProperties) = preSolution
		HideSolutionNode = FALSE
	EndGlobalSection
	GlobalSection(ExtensibilityGlobals) = postSolution
		SolutionGuid = {823E41FB-97D6-42E4-9AF8-52386A5D14E7}
	EndGlobalSection
EndGlobal
