
Microsoft Visual Studio Solution File, Format Version 12.00
# Visual Studio 15
VisualStudioVersion = 15.0.28307.1831
MinimumVisualStudioVersion = 10.0.40219.1
Project("{FAE04EC0-301F-11D3-BF4B-00C04F79EFBC}") = "task_209_216", "task_209_216\task_209_216.csproj", "{7B1E70DC-611F-4386-9985-C32A0BEDBFBF}"
EndProject
Global
	GlobalSection(SolutionConfigurationPlatforms) = preSolution
		Debug|Any CPU = Debug|Any CPU
		Release|Any CPU = Release|Any CPU
	EndGlobalSection
	GlobalSection(ProjectConfigurationPlatforms) = postSolution
		{7B1E70DC-611F-4386-9985-C32A0BEDBFBF}.Debug|Any CPU.ActiveCfg = Debug|Any CPU
		{7B1E70DC-611F-4386-9985-C32A0BEDBFBF}.Debug|Any CPU.Build.0 = Debug|Any CPU
		{7B1E70DC-611F-4386-9985-C32A0BEDBFBF}.Release|Any CPU.ActiveCfg = Release|Any CPU
		{7B1E70DC-611F-4386-9985-C32A0BEDBFBF}.Release|Any CPU.Build.0 = Release|Any CPU
	EndGlobalSection
	GlobalSection(SolutionProperties) = preSolution
		HideSolutionNode = FALSE
	EndGlobalSection
	GlobalSection(ExtensibilityGlobals) = postSolution
		SolutionGuid = {6EEA4446-4850-462A-AB48-F493595B169A}
	EndGlobalSection
EndGlobal
