
Microsoft Visual Studio Solution File, Format Version 12.00
# Visual Studio 15
VisualStudioVersion = 15.0.28307.1831
MinimumVisualStudioVersion = 10.0.40219.1
Project("{911E67C6-3D85-4FCE-B560-20A9C3E3FF48}") = "task_301_317", "bin\Debug\task_301_317.exe", "{4B876575-D003-4345-954F-D15825DF3C90}"
	ProjectSection(DebuggerProjectSystem) = preProject
		PortSupplier = 00000000-0000-0000-0000-000000000000
		Executable = C:\Users\Юрий\Documents\GitHub\CrashCourseAT2022\Projects\TEAM-1\Turbal Y\task_301_317\task_301_317\bin\Debug\task_301_317.exe
		RemoteMachine = PC
		StartingDirectory = C:\Users\Юрий\Documents\GitHub\CrashCourseAT2022\Projects\TEAM-1\Turbal Y\task_301_317\task_301_317\bin\Debug
		Environment = По умолчанию
		LaunchingEngine = 00000000-0000-0000-0000-000000000000
		UseLegacyDebugEngines = No
		LaunchSQLEngine = No
		AttachLaunchAction = No
	EndProjectSection
EndProject
Global
	GlobalSection(SolutionConfigurationPlatforms) = preSolution
		Release|x86 = Release|x86
	EndGlobalSection
	GlobalSection(ProjectConfigurationPlatforms) = postSolution
		{4B876575-D003-4345-954F-D15825DF3C90}.Release|x86.ActiveCfg = Release|x86
	EndGlobalSection
	GlobalSection(SolutionProperties) = preSolution
		HideSolutionNode = FALSE
	EndGlobalSection
	GlobalSection(ExtensibilityGlobals) = postSolution
		SolutionGuid = {D05193B0-07D1-4D69-B7CF-290F1D3C6B22}
	EndGlobalSection
EndGlobal
