
Microsoft Visual Studio Solution File, Format Version 12.00
# Visual Studio Version 17
VisualStudioVersion = 17.1.32407.343
MinimumVisualStudioVersion = 10.0.40219.1
Project("{FAE04EC0-301F-11D3-BF4B-00C04F79EFBC}") = "Task_201", "Task_201\Task_201.csproj", "{2E5CB8F4-F29C-4E24-826D-7AD11A69333F}"
EndProject
Project("{FAE04EC0-301F-11D3-BF4B-00C04F79EFBC}") = "Task_202", "Task_202\Task_202.csproj", "{4E5A3768-C465-4DFF-AE9D-4D36967CDD90}"
EndProject
Project("{FAE04EC0-301F-11D3-BF4B-00C04F79EFBC}") = "Task_203", "Task_203\Task_203.csproj", "{D0A9BEF4-5417-4F60-A3FC-47820A7F83AE}"
EndProject
Project("{FAE04EC0-301F-11D3-BF4B-00C04F79EFBC}") = "Task_204", "Task_204\Task_204.csproj", "{D856203A-280B-4777-8112-450CB2CCEDA1}"
EndProject
Project("{FAE04EC0-301F-11D3-BF4B-00C04F79EFBC}") = "Task_205", "Task_205\Task_205.csproj", "{6451B8A0-DE8C-45D5-9F7E-8CCAAA1D27D3}"
EndProject
Project("{9A19103F-16F7-4668-BE54-9A1E7A4F7556}") = "Task_206", "Task_206\Task_206.csproj", "{0196BB29-2E91-40BF-9265-5165477CF768}"
EndProject
Project("{9A19103F-16F7-4668-BE54-9A1E7A4F7556}") = "Task_207", "Task_207\Task_207.csproj", "{F344B0B0-2F46-4212-85FA-B73EB2396823}"
EndProject
Project("{9A19103F-16F7-4668-BE54-9A1E7A4F7556}") = "Task_208", "Task_208\Task_208.csproj", "{99D71C23-6777-4F12-8B59-EB30E26E0BD1}"
EndProject
Project("{9A19103F-16F7-4668-BE54-9A1E7A4F7556}") = "Task_209", "Task_209\Task_209.csproj", "{4674AD54-8F3B-42F8-A3ED-2704F2B63B26}"
EndProject
Project("{9A19103F-16F7-4668-BE54-9A1E7A4F7556}") = "Task_212", "Task_212\Task_212.csproj", "{3B7F399B-72F4-45E2-BE1E-150716F7362B}"
EndProject
Project("{9A19103F-16F7-4668-BE54-9A1E7A4F7556}") = "Task_213", "Task_213\Task_213.csproj", "{2A6A3E6F-3688-4274-BBD5-A0B63B7925DE}"
EndProject
Project("{9A19103F-16F7-4668-BE54-9A1E7A4F7556}") = "Task_214", "Task_214\Task_214.csproj", "{80923BDF-DC9A-4901-9E15-2E24D3D74217}"
EndProject
Project("{9A19103F-16F7-4668-BE54-9A1E7A4F7556}") = "Task_215", "Task_215\Task_215.csproj", "{AC5D744F-1D00-4A2A-81F6-5C28369113D1}"
EndProject
Project("{9A19103F-16F7-4668-BE54-9A1E7A4F7556}") = "Task_216", "Task_216\Task_216.csproj", "{A0CEC6C7-D092-4A4B-82A8-50BBF5511429}"
EndProject
Project("{9A19103F-16F7-4668-BE54-9A1E7A4F7556}") = "Task_219", "Task_219\Task_219.csproj", "{11CE230A-D663-45E4-8507-6ABABD2E9DA3}"
EndProject
Project("{9A19103F-16F7-4668-BE54-9A1E7A4F7556}") = "Task_218", "Task_218\Task_218.csproj", "{FFE1D0B9-EA2E-4749-85C5-3FEE225C171C}"
EndProject
Project("{9A19103F-16F7-4668-BE54-9A1E7A4F7556}") = "Task_224", "Task_224\Task_224.csproj", "{F72AF497-57D0-4155-AD5B-B2C2714862F3}"
EndProject
Project("{9A19103F-16F7-4668-BE54-9A1E7A4F7556}") = "Task_220", "Task_220\Task_220.csproj", "{4B706A0E-E036-47FE-9411-77C505429DD2}"
EndProject
Project("{9A19103F-16F7-4668-BE54-9A1E7A4F7556}") = "Task_221", "Task_221\Task_221.csproj", "{F1691929-C5B1-44A7-AF71-FCCC7E906FB8}"
EndProject
Project("{9A19103F-16F7-4668-BE54-9A1E7A4F7556}") = "Task_222", "Task_222\Task_222.csproj", "{0C214D1A-42E5-4FFB-B980-BCC8792E527B}"
EndProject
Project("{9A19103F-16F7-4668-BE54-9A1E7A4F7556}") = "Task_226", "Task_226\Task_226.csproj", "{ACD11E85-3537-4E83-B1A9-B4EB649B864F}"
EndProject
Project("{FAE04EC0-301F-11D3-BF4B-00C04F79EFBC}") = "Task_302", "Task_302\Task_302.csproj", "{CFC533B9-B27F-411E-B6F7-976CBDBEFA3E}"
EndProject
Global
	GlobalSection(SolutionConfigurationPlatforms) = preSolution
		Debug|Any CPU = Debug|Any CPU
		Release|Any CPU = Release|Any CPU
	EndGlobalSection
	GlobalSection(ProjectConfigurationPlatforms) = postSolution
		{2E5CB8F4-F29C-4E24-826D-7AD11A69333F}.Debug|Any CPU.ActiveCfg = Debug|Any CPU
		{2E5CB8F4-F29C-4E24-826D-7AD11A69333F}.Debug|Any CPU.Build.0 = Debug|Any CPU
		{2E5CB8F4-F29C-4E24-826D-7AD11A69333F}.Release|Any CPU.ActiveCfg = Release|Any CPU
		{2E5CB8F4-F29C-4E24-826D-7AD11A69333F}.Release|Any CPU.Build.0 = Release|Any CPU
		{4E5A3768-C465-4DFF-AE9D-4D36967CDD90}.Debug|Any CPU.ActiveCfg = Debug|Any CPU
		{4E5A3768-C465-4DFF-AE9D-4D36967CDD90}.Debug|Any CPU.Build.0 = Debug|Any CPU
		{4E5A3768-C465-4DFF-AE9D-4D36967CDD90}.Release|Any CPU.ActiveCfg = Release|Any CPU
		{4E5A3768-C465-4DFF-AE9D-4D36967CDD90}.Release|Any CPU.Build.0 = Release|Any CPU
		{D0A9BEF4-5417-4F60-A3FC-47820A7F83AE}.Debug|Any CPU.ActiveCfg = Debug|Any CPU
		{D0A9BEF4-5417-4F60-A3FC-47820A7F83AE}.Debug|Any CPU.Build.0 = Debug|Any CPU
		{D0A9BEF4-5417-4F60-A3FC-47820A7F83AE}.Release|Any CPU.ActiveCfg = Release|Any CPU
		{D0A9BEF4-5417-4F60-A3FC-47820A7F83AE}.Release|Any CPU.Build.0 = Release|Any CPU
		{D856203A-280B-4777-8112-450CB2CCEDA1}.Debug|Any CPU.ActiveCfg = Debug|Any CPU
		{D856203A-280B-4777-8112-450CB2CCEDA1}.Debug|Any CPU.Build.0 = Debug|Any CPU
		{D856203A-280B-4777-8112-450CB2CCEDA1}.Release|Any CPU.ActiveCfg = Release|Any CPU
		{D856203A-280B-4777-8112-450CB2CCEDA1}.Release|Any CPU.Build.0 = Release|Any CPU
		{6451B8A0-DE8C-45D5-9F7E-8CCAAA1D27D3}.Debug|Any CPU.ActiveCfg = Debug|Any CPU
		{6451B8A0-DE8C-45D5-9F7E-8CCAAA1D27D3}.Debug|Any CPU.Build.0 = Debug|Any CPU
		{6451B8A0-DE8C-45D5-9F7E-8CCAAA1D27D3}.Release|Any CPU.ActiveCfg = Release|Any CPU
		{6451B8A0-DE8C-45D5-9F7E-8CCAAA1D27D3}.Release|Any CPU.Build.0 = Release|Any CPU
		{0196BB29-2E91-40BF-9265-5165477CF768}.Debug|Any CPU.ActiveCfg = Debug|Any CPU
		{0196BB29-2E91-40BF-9265-5165477CF768}.Debug|Any CPU.Build.0 = Debug|Any CPU
		{0196BB29-2E91-40BF-9265-5165477CF768}.Release|Any CPU.ActiveCfg = Release|Any CPU
		{0196BB29-2E91-40BF-9265-5165477CF768}.Release|Any CPU.Build.0 = Release|Any CPU
		{F344B0B0-2F46-4212-85FA-B73EB2396823}.Debug|Any CPU.ActiveCfg = Debug|Any CPU
		{F344B0B0-2F46-4212-85FA-B73EB2396823}.Debug|Any CPU.Build.0 = Debug|Any CPU
		{F344B0B0-2F46-4212-85FA-B73EB2396823}.Release|Any CPU.ActiveCfg = Release|Any CPU
		{F344B0B0-2F46-4212-85FA-B73EB2396823}.Release|Any CPU.Build.0 = Release|Any CPU
		{99D71C23-6777-4F12-8B59-EB30E26E0BD1}.Debug|Any CPU.ActiveCfg = Debug|Any CPU
		{99D71C23-6777-4F12-8B59-EB30E26E0BD1}.Debug|Any CPU.Build.0 = Debug|Any CPU
		{99D71C23-6777-4F12-8B59-EB30E26E0BD1}.Release|Any CPU.ActiveCfg = Release|Any CPU
		{99D71C23-6777-4F12-8B59-EB30E26E0BD1}.Release|Any CPU.Build.0 = Release|Any CPU
		{4674AD54-8F3B-42F8-A3ED-2704F2B63B26}.Debug|Any CPU.ActiveCfg = Debug|Any CPU
		{4674AD54-8F3B-42F8-A3ED-2704F2B63B26}.Debug|Any CPU.Build.0 = Debug|Any CPU
		{4674AD54-8F3B-42F8-A3ED-2704F2B63B26}.Release|Any CPU.ActiveCfg = Release|Any CPU
		{4674AD54-8F3B-42F8-A3ED-2704F2B63B26}.Release|Any CPU.Build.0 = Release|Any CPU
		{3B7F399B-72F4-45E2-BE1E-150716F7362B}.Debug|Any CPU.ActiveCfg = Debug|Any CPU
		{3B7F399B-72F4-45E2-BE1E-150716F7362B}.Debug|Any CPU.Build.0 = Debug|Any CPU
		{3B7F399B-72F4-45E2-BE1E-150716F7362B}.Release|Any CPU.ActiveCfg = Release|Any CPU
		{3B7F399B-72F4-45E2-BE1E-150716F7362B}.Release|Any CPU.Build.0 = Release|Any CPU
		{2A6A3E6F-3688-4274-BBD5-A0B63B7925DE}.Debug|Any CPU.ActiveCfg = Debug|Any CPU
		{2A6A3E6F-3688-4274-BBD5-A0B63B7925DE}.Debug|Any CPU.Build.0 = Debug|Any CPU
		{2A6A3E6F-3688-4274-BBD5-A0B63B7925DE}.Release|Any CPU.ActiveCfg = Release|Any CPU
		{2A6A3E6F-3688-4274-BBD5-A0B63B7925DE}.Release|Any CPU.Build.0 = Release|Any CPU
		{80923BDF-DC9A-4901-9E15-2E24D3D74217}.Debug|Any CPU.ActiveCfg = Debug|Any CPU
		{80923BDF-DC9A-4901-9E15-2E24D3D74217}.Debug|Any CPU.Build.0 = Debug|Any CPU
		{80923BDF-DC9A-4901-9E15-2E24D3D74217}.Release|Any CPU.ActiveCfg = Release|Any CPU
		{80923BDF-DC9A-4901-9E15-2E24D3D74217}.Release|Any CPU.Build.0 = Release|Any CPU
		{AC5D744F-1D00-4A2A-81F6-5C28369113D1}.Debug|Any CPU.ActiveCfg = Debug|Any CPU
		{AC5D744F-1D00-4A2A-81F6-5C28369113D1}.Debug|Any CPU.Build.0 = Debug|Any CPU
		{AC5D744F-1D00-4A2A-81F6-5C28369113D1}.Release|Any CPU.ActiveCfg = Release|Any CPU
		{AC5D744F-1D00-4A2A-81F6-5C28369113D1}.Release|Any CPU.Build.0 = Release|Any CPU
		{A0CEC6C7-D092-4A4B-82A8-50BBF5511429}.Debug|Any CPU.ActiveCfg = Debug|Any CPU
		{A0CEC6C7-D092-4A4B-82A8-50BBF5511429}.Debug|Any CPU.Build.0 = Debug|Any CPU
		{A0CEC6C7-D092-4A4B-82A8-50BBF5511429}.Release|Any CPU.ActiveCfg = Release|Any CPU
		{A0CEC6C7-D092-4A4B-82A8-50BBF5511429}.Release|Any CPU.Build.0 = Release|Any CPU
		{11CE230A-D663-45E4-8507-6ABABD2E9DA3}.Debug|Any CPU.ActiveCfg = Debug|Any CPU
		{11CE230A-D663-45E4-8507-6ABABD2E9DA3}.Debug|Any CPU.Build.0 = Debug|Any CPU
		{11CE230A-D663-45E4-8507-6ABABD2E9DA3}.Release|Any CPU.ActiveCfg = Release|Any CPU
		{11CE230A-D663-45E4-8507-6ABABD2E9DA3}.Release|Any CPU.Build.0 = Release|Any CPU
		{FFE1D0B9-EA2E-4749-85C5-3FEE225C171C}.Debug|Any CPU.ActiveCfg = Debug|Any CPU
		{FFE1D0B9-EA2E-4749-85C5-3FEE225C171C}.Debug|Any CPU.Build.0 = Debug|Any CPU
		{FFE1D0B9-EA2E-4749-85C5-3FEE225C171C}.Release|Any CPU.ActiveCfg = Release|Any CPU
		{FFE1D0B9-EA2E-4749-85C5-3FEE225C171C}.Release|Any CPU.Build.0 = Release|Any CPU
		{F72AF497-57D0-4155-AD5B-B2C2714862F3}.Debug|Any CPU.ActiveCfg = Debug|Any CPU
		{F72AF497-57D0-4155-AD5B-B2C2714862F3}.Debug|Any CPU.Build.0 = Debug|Any CPU
		{F72AF497-57D0-4155-AD5B-B2C2714862F3}.Release|Any CPU.ActiveCfg = Release|Any CPU
		{F72AF497-57D0-4155-AD5B-B2C2714862F3}.Release|Any CPU.Build.0 = Release|Any CPU
		{4B706A0E-E036-47FE-9411-77C505429DD2}.Debug|Any CPU.ActiveCfg = Debug|Any CPU
		{4B706A0E-E036-47FE-9411-77C505429DD2}.Debug|Any CPU.Build.0 = Debug|Any CPU
		{4B706A0E-E036-47FE-9411-77C505429DD2}.Release|Any CPU.ActiveCfg = Release|Any CPU
		{4B706A0E-E036-47FE-9411-77C505429DD2}.Release|Any CPU.Build.0 = Release|Any CPU
		{F1691929-C5B1-44A7-AF71-FCCC7E906FB8}.Debug|Any CPU.ActiveCfg = Debug|Any CPU
		{F1691929-C5B1-44A7-AF71-FCCC7E906FB8}.Debug|Any CPU.Build.0 = Debug|Any CPU
		{F1691929-C5B1-44A7-AF71-FCCC7E906FB8}.Release|Any CPU.ActiveCfg = Release|Any CPU
		{F1691929-C5B1-44A7-AF71-FCCC7E906FB8}.Release|Any CPU.Build.0 = Release|Any CPU
		{0C214D1A-42E5-4FFB-B980-BCC8792E527B}.Debug|Any CPU.ActiveCfg = Debug|Any CPU
		{0C214D1A-42E5-4FFB-B980-BCC8792E527B}.Debug|Any CPU.Build.0 = Debug|Any CPU
		{0C214D1A-42E5-4FFB-B980-BCC8792E527B}.Release|Any CPU.ActiveCfg = Release|Any CPU
		{0C214D1A-42E5-4FFB-B980-BCC8792E527B}.Release|Any CPU.Build.0 = Release|Any CPU
		{ACD11E85-3537-4E83-B1A9-B4EB649B864F}.Debug|Any CPU.ActiveCfg = Debug|Any CPU
		{ACD11E85-3537-4E83-B1A9-B4EB649B864F}.Debug|Any CPU.Build.0 = Debug|Any CPU
		{ACD11E85-3537-4E83-B1A9-B4EB649B864F}.Release|Any CPU.ActiveCfg = Release|Any CPU
		{ACD11E85-3537-4E83-B1A9-B4EB649B864F}.Release|Any CPU.Build.0 = Release|Any CPU
		{CFC533B9-B27F-411E-B6F7-976CBDBEFA3E}.Debug|Any CPU.ActiveCfg = Debug|Any CPU
		{CFC533B9-B27F-411E-B6F7-976CBDBEFA3E}.Debug|Any CPU.Build.0 = Debug|Any CPU
		{CFC533B9-B27F-411E-B6F7-976CBDBEFA3E}.Release|Any CPU.ActiveCfg = Release|Any CPU
		{CFC533B9-B27F-411E-B6F7-976CBDBEFA3E}.Release|Any CPU.Build.0 = Release|Any CPU
	EndGlobalSection
	GlobalSection(SolutionProperties) = preSolution
		HideSolutionNode = FALSE
	EndGlobalSection
	GlobalSection(ExtensibilityGlobals) = postSolution
		SolutionGuid = {61DF83E6-C503-4CCB-87D2-2D34AA2D9BFE}
	EndGlobalSection
EndGlobal
