
Microsoft Visual Studio Solution File, Format Version 12.00
# Visual Studio Version 17
VisualStudioVersion = 17.1.32407.343
MinimumVisualStudioVersion = 10.0.40219.1
Project("{FAE04EC0-301F-11D3-BF4B-00C04F79EFBC}") = "208", "208.csproj", "{CD42F743-C5B8-4E32-9C4F-68AC0183B1C9}"
EndProject
Global
	GlobalSection(SolutionConfigurationPlatforms) = preSolution
		Debug|Any CPU = Debug|Any CPU
		Release|Any CPU = Release|Any CPU
	EndGlobalSection
	GlobalSection(ProjectConfigurationPlatforms) = postSolution
		{CD42F743-C5B8-4E32-9C4F-68AC0183B1C9}.Debug|Any CPU.ActiveCfg = Debug|Any CPU
		{CD42F743-C5B8-4E32-9C4F-68AC0183B1C9}.Debug|Any CPU.Build.0 = Debug|Any CPU
		{CD42F743-C5B8-4E32-9C4F-68AC0183B1C9}.Release|Any CPU.ActiveCfg = Release|Any CPU
		{CD42F743-C5B8-4E32-9C4F-68AC0183B1C9}.Release|Any CPU.Build.0 = Release|Any CPU
	EndGlobalSection
	GlobalSection(SolutionProperties) = preSolution
		HideSolutionNode = FALSE
	EndGlobalSection
	GlobalSection(ExtensibilityGlobals) = postSolution
		SolutionGuid = {B31D109D-7E04-45E9-8A78-7A714DE6A218}
	EndGlobalSection
EndGlobal
