
Microsoft Visual Studio Solution File, Format Version 12.00
# Visual Studio Version 17
VisualStudioVersion = 17.1.32328.378
MinimumVisualStudioVersion = 10.0.40219.1
Project("{FAE04EC0-301F-11D3-BF4B-00C04F79EFBC}") = "task14", "task14.csproj", "{6BA05207-80E9-4287-9676-7D4BA5DFB46C}"
EndProject
Global
	GlobalSection(SolutionConfigurationPlatforms) = preSolution
		Debug|Any CPU = Debug|Any CPU
		Release|Any CPU = Release|Any CPU
	EndGlobalSection
	GlobalSection(ProjectConfigurationPlatforms) = postSolution
		{6BA05207-80E9-4287-9676-7D4BA5DFB46C}.Debug|Any CPU.ActiveCfg = Debug|Any CPU
		{6BA05207-80E9-4287-9676-7D4BA5DFB46C}.Debug|Any CPU.Build.0 = Debug|Any CPU
		{6BA05207-80E9-4287-9676-7D4BA5DFB46C}.Release|Any CPU.ActiveCfg = Release|Any CPU
		{6BA05207-80E9-4287-9676-7D4BA5DFB46C}.Release|Any CPU.Build.0 = Release|Any CPU
	EndGlobalSection
	GlobalSection(SolutionProperties) = preSolution
		HideSolutionNode = FALSE
	EndGlobalSection
	GlobalSection(ExtensibilityGlobals) = postSolution
		SolutionGuid = {1537CB53-1273-4ACC-B032-3502A83C6DD4}
	EndGlobalSection
EndGlobal
