
Microsoft Visual Studio Solution File, Format Version 12.00
# Visual Studio Version 17
VisualStudioVersion = 17.1.32421.90
MinimumVisualStudioVersion = 10.0.40219.1
Project("{FAE04EC0-301F-11D3-BF4B-00C04F79EFBC}") = "ex300", "ex300\ex300.csproj", "{88C5CD7C-AB29-4F1C-B083-18DE69F60544}"
EndProject
Global
	GlobalSection(SolutionConfigurationPlatforms) = preSolution
		Debug|Any CPU = Debug|Any CPU
		Release|Any CPU = Release|Any CPU
	EndGlobalSection
	GlobalSection(ProjectConfigurationPlatforms) = postSolution
		{88C5CD7C-AB29-4F1C-B083-18DE69F60544}.Debug|Any CPU.ActiveCfg = Debug|Any CPU
		{88C5CD7C-AB29-4F1C-B083-18DE69F60544}.Debug|Any CPU.Build.0 = Debug|Any CPU
		{88C5CD7C-AB29-4F1C-B083-18DE69F60544}.Release|Any CPU.ActiveCfg = Release|Any CPU
		{88C5CD7C-AB29-4F1C-B083-18DE69F60544}.Release|Any CPU.Build.0 = Release|Any CPU
	EndGlobalSection
	GlobalSection(SolutionProperties) = preSolution
		HideSolutionNode = FALSE
	EndGlobalSection
	GlobalSection(ExtensibilityGlobals) = postSolution
		SolutionGuid = {90EA8671-98BA-43FE-AFA8-04B2B7091C6F}
	EndGlobalSection
EndGlobal
