
Microsoft Visual Studio Solution File, Format Version 12.00
# Visual Studio Version 17
VisualStudioVersion = 17.1.32328.378
MinimumVisualStudioVersion = 10.0.40219.1
Project("{FAE04EC0-301F-11D3-BF4B-00C04F79EFBC}") = "Task_202", "Task_202.csproj", "{B3B6EC94-CD74-4C1F-B712-642F4D691B6B}"
EndProject
Global
	GlobalSection(SolutionConfigurationPlatforms) = preSolution
		Debug|Any CPU = Debug|Any CPU
		Release|Any CPU = Release|Any CPU
	EndGlobalSection
	GlobalSection(ProjectConfigurationPlatforms) = postSolution
		{B3B6EC94-CD74-4C1F-B712-642F4D691B6B}.Debug|Any CPU.ActiveCfg = Debug|Any CPU
		{B3B6EC94-CD74-4C1F-B712-642F4D691B6B}.Debug|Any CPU.Build.0 = Debug|Any CPU
		{B3B6EC94-CD74-4C1F-B712-642F4D691B6B}.Release|Any CPU.ActiveCfg = Release|Any CPU
		{B3B6EC94-CD74-4C1F-B712-642F4D691B6B}.Release|Any CPU.Build.0 = Release|Any CPU
	EndGlobalSection
	GlobalSection(SolutionProperties) = preSolution
		HideSolutionNode = FALSE
	EndGlobalSection
	GlobalSection(ExtensibilityGlobals) = postSolution
		SolutionGuid = {FF25940E-2B68-4835-BF8D-1FB72FAAFCBC}
	EndGlobalSection
EndGlobal
