
Microsoft Visual Studio Solution File, Format Version 12.00
# Visual Studio Version 16
VisualStudioVersion = 16.0.810.22
MinimumVisualStudioVersion = 10.0.40219.1
Project("{FAE04EC0-301F-11D3-BF4B-00C04F79EFBC}") = "302", "302\302.csproj", "{B11EF801-2ED7-46F7-9299-2D43EFB0BA72}"
EndProject
Global
	GlobalSection(SolutionConfigurationPlatforms) = preSolution
		Debug|Any CPU = Debug|Any CPU
		Release|Any CPU = Release|Any CPU
	EndGlobalSection
	GlobalSection(ProjectConfigurationPlatforms) = postSolution
		{B11EF801-2ED7-46F7-9299-2D43EFB0BA72}.Debug|Any CPU.ActiveCfg = Debug|Any CPU
		{B11EF801-2ED7-46F7-9299-2D43EFB0BA72}.Debug|Any CPU.Build.0 = Debug|Any CPU
		{B11EF801-2ED7-46F7-9299-2D43EFB0BA72}.Release|Any CPU.ActiveCfg = Release|Any CPU
		{B11EF801-2ED7-46F7-9299-2D43EFB0BA72}.Release|Any CPU.Build.0 = Release|Any CPU
	EndGlobalSection
	GlobalSection(SolutionProperties) = preSolution
		HideSolutionNode = FALSE
	EndGlobalSection
	GlobalSection(ExtensibilityGlobals) = postSolution
		SolutionGuid = {9F43FCD3-23EF-4B17-AA5F-C70833EA8559}
	EndGlobalSection
EndGlobal
