
Microsoft Visual Studio Solution File, Format Version 12.00
# Visual Studio Version 17
VisualStudioVersion = 17.1.32421.90
MinimumVisualStudioVersion = 10.0.40219.1
Project("{9A19103F-16F7-4668-BE54-9A1E7A4F7556}") = "302", "302\302.csproj", "{1ABD1142-C8A3-460D-A8DA-E5775C75535C}"
EndProject
Project("{FAE04EC0-301F-11D3-BF4B-00C04F79EFBC}") = "304", "304\304.csproj", "{15AF40F0-C2F8-44B3-8A84-0916EC4CF71A}"
EndProject
Global
	GlobalSection(SolutionConfigurationPlatforms) = preSolution
		Debug|Any CPU = Debug|Any CPU
		Release|Any CPU = Release|Any CPU
	EndGlobalSection
	GlobalSection(ProjectConfigurationPlatforms) = postSolution
		{1ABD1142-C8A3-460D-A8DA-E5775C75535C}.Debug|Any CPU.ActiveCfg = Debug|Any CPU
		{1ABD1142-C8A3-460D-A8DA-E5775C75535C}.Debug|Any CPU.Build.0 = Debug|Any CPU
		{1ABD1142-C8A3-460D-A8DA-E5775C75535C}.Release|Any CPU.ActiveCfg = Release|Any CPU
		{1ABD1142-C8A3-460D-A8DA-E5775C75535C}.Release|Any CPU.Build.0 = Release|Any CPU
		{15AF40F0-C2F8-44B3-8A84-0916EC4CF71A}.Debug|Any CPU.ActiveCfg = Debug|Any CPU
		{15AF40F0-C2F8-44B3-8A84-0916EC4CF71A}.Debug|Any CPU.Build.0 = Debug|Any CPU
		{15AF40F0-C2F8-44B3-8A84-0916EC4CF71A}.Release|Any CPU.ActiveCfg = Release|Any CPU
		{15AF40F0-C2F8-44B3-8A84-0916EC4CF71A}.Release|Any CPU.Build.0 = Release|Any CPU
	EndGlobalSection
	GlobalSection(SolutionProperties) = preSolution
		HideSolutionNode = FALSE
	EndGlobalSection
	GlobalSection(ExtensibilityGlobals) = postSolution
		SolutionGuid = {1FD0584A-0B46-45AC-9299-B731184BF98E}
	EndGlobalSection
EndGlobal
